
Microsoft Visual Studio Solution File, Format Version 12.00
# Visual Studio Version 17
VisualStudioVersion = 17.2.32526.322
MinimumVisualStudioVersion = 10.0.40219.1
Project("{FAE04EC0-301F-11D3-BF4B-00C04F79EFBC}") = "LinGuGu2", "LinGuGu2.csproj", "{A1984662-DD01-4E73-B0D6-3D1D51E97593}"
EndProject
Global
	GlobalSection(SolutionConfigurationPlatforms) = preSolution
		Debug|Any CPU = Debug|Any CPU
		Release|Any CPU = Release|Any CPU
	EndGlobalSection
	GlobalSection(ProjectConfigurationPlatforms) = postSolution
		{A1984662-DD01-4E73-B0D6-3D1D51E97593}.Debug|Any CPU.ActiveCfg = Debug|Any CPU
		{A1984662-DD01-4E73-B0D6-3D1D51E97593}.Debug|Any CPU.Build.0 = Debug|Any CPU
		{A1984662-DD01-4E73-B0D6-3D1D51E97593}.Release|Any CPU.ActiveCfg = Release|Any CPU
		{A1984662-DD01-4E73-B0D6-3D1D51E97593}.Release|Any CPU.Build.0 = Release|Any CPU
	EndGlobalSection
	GlobalSection(SolutionProperties) = preSolution
		HideSolutionNode = FALSE
	EndGlobalSection
	GlobalSection(ExtensibilityGlobals) = postSolution
		SolutionGuid = {D9110249-DFF6-4006-8053-3BE669930B6E}
	EndGlobalSection
EndGlobal
